
Microsoft Visual Studio Solution File, Format Version 12.00
# Visual Studio Version 16
VisualStudioVersion = 16.0.29306.81
MinimumVisualStudioVersion = 10.0.40219.1
Project("{FAE04EC0-301F-11D3-BF4B-00C04F79EFBC}") = "Hypotenuse-Of-A-Right-Triangle", "Hypotenuse-Of-A-Right-Triangle\Hypotenuse-Of-A-Right-Triangle.csproj", "{0D9FE26A-44A0-44DF-BDD3-5E60E22A6444}"
EndProject
Global
	GlobalSection(SolutionConfigurationPlatforms) = preSolution
		Debug|Any CPU = Debug|Any CPU
		Release|Any CPU = Release|Any CPU
	EndGlobalSection
	GlobalSection(ProjectConfigurationPlatforms) = postSolution
		{0D9FE26A-44A0-44DF-BDD3-5E60E22A6444}.Debug|Any CPU.ActiveCfg = Debug|Any CPU
		{0D9FE26A-44A0-44DF-BDD3-5E60E22A6444}.Debug|Any CPU.Build.0 = Debug|Any CPU
		{0D9FE26A-44A0-44DF-BDD3-5E60E22A6444}.Release|Any CPU.ActiveCfg = Release|Any CPU
		{0D9FE26A-44A0-44DF-BDD3-5E60E22A6444}.Release|Any CPU.Build.0 = Release|Any CPU
	EndGlobalSection
	GlobalSection(SolutionProperties) = preSolution
		HideSolutionNode = FALSE
	EndGlobalSection
	GlobalSection(ExtensibilityGlobals) = postSolution
		SolutionGuid = {01FD8FDB-C38A-496E-97AF-D8921E8F64D6}
	EndGlobalSection
EndGlobal
